# This file is automatically @generated by Cargo.
# It is not intended for manual editing.
version = 3

[[package]]
name = "big_number"
version = "0.1.0"
dependencies = [
 "big_unsigned_ints",
]

[[package]]
name = "big_unsigned_ints"
version = "0.1.6"
source = "registry+https://github.com/rust-lang/crates.io-index"
checksum = "3ba44cc4034d6276437568084f323efed6b48b6802734e2d47dbbe86aa77e06d"
